dependencies:
- name: rstudio-connect
  repository: https://helm.rstudio.com
  version: 0.8.3
- name: postgresql
  repository: https://charts.bitnami.com/bitnami
  version: 11.6.16
- name: nfs-server-provisioner
  repository: https://kubernetes-sigs.github.io/nfs-ganesha-server-and-external-provisioner/
  version: 1.8.0
- name: ingress-nginx
  repository: https://kubernetes.github.io/ingress-nginx
  version: 4.12.3
digest: sha256:0012148c0f658fe0d0beb09d4df2a3e580cabd3c0f9d6b5f5f372ba653dc6b66
generated: "2025-06-29T20:14:33.8167252-03:00"
